
Microsoft Visual Studio Solution File, Format Version 12.00
# Visual Studio Version 17
VisualStudioVersion = 17.3.32901.215
MinimumVisualStudioVersion = 10.0.40219.1
Project("{FAE04EC0-301F-11D3-BF4B-00C04F79EFBC}") = "todo list app1", "todo list app1\todo list app1.csproj", "{11ABF8AF-7651-4FD3-8D58-8AB04AECF052}"
EndProject
Global
	GlobalSection(SolutionConfigurationPlatforms) = preSolution
		Debug|Any CPU = Debug|Any CPU
		Release|Any CPU = Release|Any CPU
	EndGlobalSection
	GlobalSection(ProjectConfigurationPlatforms) = postSolution
		{11ABF8AF-7651-4FD3-8D58-8AB04AECF052}.Debug|Any CPU.ActiveCfg = Debug|Any CPU
		{11ABF8AF-7651-4FD3-8D58-8AB04AECF052}.Debug|Any CPU.Build.0 = Debug|Any CPU
		{11ABF8AF-7651-4FD3-8D58-8AB04AECF052}.Release|Any CPU.ActiveCfg = Release|Any CPU
		{11ABF8AF-7651-4FD3-8D58-8AB04AECF052}.Release|Any CPU.Build.0 = Release|Any CPU
	EndGlobalSection
	GlobalSection(SolutionProperties) = preSolution
		HideSolutionNode = FALSE
	EndGlobalSection
	GlobalSection(ExtensibilityGlobals) = postSolution
		SolutionGuid = {4F63D062-EEAB-40D4-ADE7-737730EA6A1B}
	EndGlobalSection
EndGlobal
